# THIS IS AN AUTOGENERATED FILE. DO NOT EDIT THIS FILE DIRECTLY.
# yarn lockfile v1


"@yarnpkg/lockfile@^1.0.0":
  version "1.1.0"
  resolved "https://registry.yarnpkg.com/@yarnpkg/lockfile/-/lockfile-1.1.0.tgz#e77a97fbd345b76d83245edcd17d393b1b41fb31"

lodash@^4.17.4:
  version "4.17.21"
  resolved "https://registry.yarnpkg.com/lodash/-/lodash-4.17.21.tgz#679591c564c3bffaae8454cf0b3df370c3d6911c"

lru-cache@^7.4.0:
  version "7.7.3"
  resolved "https://registry.yarnpkg.com/lru-cache/-/lru-cache-7.7.3.tgz#98cd19eef89ce6a4a3c4502c17c833888677c252"

semver@^7.1.3:
  version "7.3.6"
  resolved "https://registry.yarnpkg.com/semver/-/semver-7.3.6.tgz#5d73886fb9c0c6602e79440b97165c29581cbb2b"
  dependencies:
    lru-cache "^7.4.0"
